#MicroXplorer Configuration settings - do not modify
CAD.formats=
CAD.pinconfig=
CAD.provider=
File.Version=6
GPIO.groupedBy=
KeepUserPlacement=false
Mcu.CPN=STM32G070RBT6
Mcu.Family=STM32G0
Mcu.IP0=NVIC
Mcu.IP1=RCC
Mcu.IP2=SYS
Mcu.IP3=TIM1
Mcu.IP4=TIM3
Mcu.IP5=TIM14
Mcu.IP6=TIM15
Mcu.IP7=TIM16
Mcu.IP8=TIM17
Mcu.IPNb=9
Mcu.Name=STM32G070RBTx
Mcu.Package=LQFP64
Mcu.Pin0=PF0-OSC_IN (PF0)
Mcu.Pin1=PF1-OSC_OUT (PF1)
Mcu.Pin10=PA14-BOOT0
Mcu.Pin11=PD0
Mcu.Pin12=PD1
Mcu.Pin13=VP_SYS_VS_Systick
Mcu.Pin14=VP_SYS_VS_DBSignals
Mcu.Pin15=VP_TIM14_VS_ClockSourceINT
Mcu.Pin16=VP_TIM15_VS_ClockSourceINT
Mcu.Pin17=VP_TIM16_VS_ClockSourceINT
Mcu.Pin18=VP_TIM17_VS_ClockSourceINT
Mcu.Pin2=PB1
Mcu.Pin3=PB14
Mcu.Pin4=PB15
Mcu.Pin5=PA8
Mcu.Pin6=PA9
Mcu.Pin7=PC6
Mcu.Pin8=PC7
Mcu.Pin9=PA13
Mcu.PinsNb=19
Mcu.ThirdPartyNb=0
Mcu.UserConstants=
Mcu.UserName=STM32G070RBTx
MxCube.Version=6.9.2
MxDb.Version=DB.6.0.92
NVIC.ForceEnableDMAVector=true
NVIC.HardFault_IRQn=true\:0\:0\:false\:false\:true\:false\:false\:false
NVIC.NonMaskableInt_IRQn=true\:0\:0\:false\:false\:true\:false\:false\:false
NVIC.PendSV_IRQn=true\:0\:0\:false\:false\:true\:false\:false\:false
NVIC.SVC_IRQn=true\:0\:0\:false\:false\:true\:false\:false\:true
NVIC.SysTick_IRQn=true\:3\:0\:false\:false\:true\:false\:true\:false
PA13.Locked=true
PA13.Mode=Serial_Wire
PA13.Signal=SYS_SWDIO
PA14-BOOT0.Locked=true
PA14-BOOT0.Mode=Serial_Wire
PA14-BOOT0.Signal=SYS_SWCLK
PA8.GPIOParameters=GPIO_Label
PA8.GPIO_Label=M1_QEI_B
PA8.Locked=true
PA8.Signal=S_TIM1_CH1
PA9.GPIOParameters=GPIO_Label
PA9.GPIO_Label=M1_QEI_A
PA9.Locked=true
PA9.Signal=S_TIM1_CH2
PB1.GPIOParameters=GPIO_Label
PB1.GPIO_Label=LIDAR_PWM
PB1.Locked=true
PB1.Signal=S_TIM14_CH1
PB14.GPIOParameters=GPIO_Label
PB14.GPIO_Label=M1_PWM_FWD
PB14.Locked=true
PB14.Signal=S_TIM15_CH1
PB15.GPIOParameters=GPIO_Label
PB15.GPIO_Label=M1_PWM_REV
PB15.Locked=true
PB15.Signal=S_TIM15_CH2
PC6.GPIOParameters=GPIO_Label
PC6.GPIO_Label=M2_QEI_B
PC6.Locked=true
PC6.Signal=S_TIM3_CH1
PC7.GPIOParameters=GPIO_Label
PC7.GPIO_Label=M2_QEI_A
PC7.Locked=true
PC7.Signal=S_TIM3_CH2
PD0.GPIOParameters=GPIO_Label
PD0.GPIO_Label=M2_PWM_FWD
PD0.Locked=true
PD0.Signal=S_TIM16_CH1
PD1.GPIOParameters=GPIO_Label
PD1.GPIO_Label=M2_PWM_REV
PD1.Locked=true
PD1.Signal=S_TIM17_CH1
PF0-OSC_IN\ (PF0).Locked=true
PF0-OSC_IN\ (PF0).Mode=HSE-External-Oscillator
PF0-OSC_IN\ (PF0).Signal=RCC_OSC_IN
PF1-OSC_OUT\ (PF1).Locked=true
PF1-OSC_OUT\ (PF1).Mode=HSE-External-Oscillator
PF1-OSC_OUT\ (PF1).Signal=RCC_OSC_OUT
PinOutPanel.RotationAngle=0
ProjectManager.AskForMigrate=true
ProjectManager.BackupPrevious=false
ProjectManager.CompilerOptimize=6
ProjectManager.ComputerToolchain=false
ProjectManager.CoupleFile=true
ProjectManager.CustomerFirmwarePackage=
ProjectManager.DefaultFWLocation=true
ProjectManager.DeletePrevious=true
ProjectManager.DeviceId=STM32G070RBTx
ProjectManager.FirmwarePackage=STM32Cube FW_G0 V1.6.1
ProjectManager.FreePins=false
ProjectManager.HalAssertFull=false
ProjectManager.HeapSize=0x200
ProjectManager.KeepUserCode=true
ProjectManager.LastFirmware=true
ProjectManager.LibraryCopy=0
ProjectManager.MainLocation=Core/Src
ProjectManager.NoMain=false
ProjectManager.PreviousToolchain=
ProjectManager.ProjectBuild=false
ProjectManager.ProjectFileName=firmware.ioc
ProjectManager.ProjectName=firmware
ProjectManager.ProjectStructure=
ProjectManager.RegisterCallBack=
ProjectManager.StackSize=0x400
ProjectManager.TargetToolchain=EWARM V8.50
ProjectManager.ToolChainLocation=
ProjectManager.UAScriptAfterPath=
ProjectManager.UAScriptBeforePath=
ProjectManager.UnderRoot=false
ProjectManager.functionlistsort=1-SystemClock_Config-RCC-false-HAL-false,2-MX_GPIO_Init-GPIO-false-HAL-true,3-MX_TIM1_Init-TIM1-false-HAL-true,4-MX_TIM3_Init-TIM3-false-HAL-true,5-MX_TIM14_Init-TIM14-false-HAL-true,6-MX_TIM15_Init-TIM15-false-HAL-true,7-MX_TIM16_Init-TIM16-false-HAL-true,8-MX_TIM17_Init-TIM17-false-HAL-true
RCC.ADCFreq_Value=64000000
RCC.AHBFreq_Value=64000000
RCC.APBFreq_Value=64000000
RCC.APBTimFreq_Value=64000000
RCC.CortexFreq_Value=64000000
RCC.EXTERNAL_CLOCK_VALUE=48000
RCC.FCLKCortexFreq_Value=64000000
RCC.FamilyName=M
RCC.HCLKFreq_Value=64000000
RCC.HSE_VALUE=16000000
RCC.HSI_VALUE=16000000
RCC.I2C1Freq_Value=64000000
RCC.I2S1Freq_Value=64000000
RCC.IPParameters=ADCFreq_Value,AHBFreq_Value,APBFreq_Value,APBTimFreq_Value,CortexFreq_Value,EXTERNAL_CLOCK_VALUE,FCLKCortexFreq_Value,FamilyName,HCLKFreq_Value,HSE_VALUE,HSI_VALUE,I2C1Freq_Value,I2S1Freq_Value,LSCOPinFreq_Value,LSE_VALUE,LSI_VALUE,MCO1PinFreq_Value,PLLPoutputFreq_Value,PLLRCLKFreq_Value,PLLSourceVirtual,PWRFreq_Value,SYSCLKFreq_VALUE,SYSCLKSource,USART1Freq_Value,USART2Freq_Value,VCOInputFreq_Value,VCOOutputFreq_Value
RCC.LSCOPinFreq_Value=32000
RCC.LSE_VALUE=32768
RCC.LSI_VALUE=32000
RCC.MCO1PinFreq_Value=64000000
RCC.PLLPoutputFreq_Value=64000000
RCC.PLLRCLKFreq_Value=64000000
RCC.PLLSourceVirtual=RCC_PLLSOURCE_HSE
RCC.PWRFreq_Value=64000000
RCC.SYSCLKFreq_VALUE=64000000
RCC.SYSCLKSource=RCC_SYSCLKSOURCE_PLLCLK
RCC.USART1Freq_Value=64000000
RCC.USART2Freq_Value=64000000
RCC.VCOInputFreq_Value=16000000
RCC.VCOOutputFreq_Value=128000000
SH.S_TIM14_CH1.0=TIM14_CH1,PWM Generation1 CH1
SH.S_TIM14_CH1.ConfNb=1
SH.S_TIM15_CH1.0=TIM15_CH1,PWM Generation1 CH1
SH.S_TIM15_CH1.ConfNb=1
SH.S_TIM15_CH2.0=TIM15_CH2,PWM Generation2 CH2
SH.S_TIM15_CH2.ConfNb=1
SH.S_TIM16_CH1.0=TIM16_CH1,PWM Generation1 CH1
SH.S_TIM16_CH1.ConfNb=1
SH.S_TIM17_CH1.0=TIM17_CH1,PWM Generation1 CH1
SH.S_TIM17_CH1.ConfNb=1
SH.S_TIM1_CH1.0=TIM1_CH1,Encoder_Interface
SH.S_TIM1_CH1.ConfNb=1
SH.S_TIM1_CH2.0=TIM1_CH2,Encoder_Interface
SH.S_TIM1_CH2.ConfNb=1
SH.S_TIM3_CH1.0=TIM3_CH1,Encoder_Interface
SH.S_TIM3_CH1.ConfNb=1
SH.S_TIM3_CH2.0=TIM3_CH2,Encoder_Interface
SH.S_TIM3_CH2.ConfNb=1
TIM14.Channel=TIM_CHANNEL_1
TIM14.IPParameters=Channel
TIM15.Channel-PWM\ Generation1\ CH1=TIM_CHANNEL_1
TIM15.Channel-PWM\ Generation2\ CH2=TIM_CHANNEL_2
TIM15.IPParameters=Channel-PWM Generation1 CH1,Channel-PWM Generation2 CH2
TIM16.Channel=TIM_CHANNEL_1
TIM16.IPParameters=Channel
TIM17.Channel=TIM_CHANNEL_1
TIM17.IPParameters=Channel
VP_SYS_VS_DBSignals.Mode=DisableDeadBatterySignals
VP_SYS_VS_DBSignals.Signal=SYS_VS_DBSignals
VP_SYS_VS_Systick.Mode=SysTick
VP_SYS_VS_Systick.Signal=SYS_VS_Systick
VP_TIM14_VS_ClockSourceINT.Mode=Enable_Timer
VP_TIM14_VS_ClockSourceINT.Signal=TIM14_VS_ClockSourceINT
VP_TIM15_VS_ClockSourceINT.Mode=Internal
VP_TIM15_VS_ClockSourceINT.Signal=TIM15_VS_ClockSourceINT
VP_TIM16_VS_ClockSourceINT.Mode=Enable_Timer
VP_TIM16_VS_ClockSourceINT.Signal=TIM16_VS_ClockSourceINT
VP_TIM17_VS_ClockSourceINT.Mode=Enable_Timer
VP_TIM17_VS_ClockSourceINT.Signal=TIM17_VS_ClockSourceINT
board=custom
